// !$*UTF8*$!
{
	archiveVersion = 1;
	classes = {
	};
	objectVersion = 56;
	objects = {

/* Begin PBXBuildFile section */
		3BDAABA92B0F1A7A0013DB89 /* Webservice.swift in Sources */ = {isa = PBXBuildFile; fileRef = 3BDAABA82B0F1A7A0013DB89 /* Webservice.swift */; };
		3BDAABAC2B0F46120013DB89 /* WeatherResponse.swift in Sources */ = {isa = PBXBuildFile; fileRef = 3BDAABAB2B0F46120013DB89 /* WeatherResponse.swift */; };
		3BDAABAF2B0F4A380013DB89 /* AddWeatherViewModel.swift in Sources */ = {isa = PBXBuildFile; fileRef = 3BDAABAE2B0F4A380013DB89 /* AddWeatherViewModel.swift */; };
		3BDAABB22B0F4BB20013DB89 /* Constants.swift in Sources */ = {isa = PBXBuildFile; fileRef = 3BDAABB12B0F4BB20013DB89 /* Constants.swift */; };
		3BDAABB52B0F4CB40013DB89 /* String+Extensions.swift in Sources */ = {isa = PBXBuildFile; fileRef = 3BDAABB42B0F4CB40013DB89 /* String+Extensions.swift */; };
		3BDAABB92B0F69150013DB89 /* Double+Extensions.swift in Sources */ = {isa = PBXBuildFile; fileRef = 3BDAABB82B0F69150013DB89 /* Double+Extensions.swift */; };
		3BDAABBB2B0F6F9B0013DB89 /* SettingsTableViewController.swift in Sources */ = {isa = PBXBuildFile; fileRef = 3BDAABBA2B0F6F9B0013DB89 /* SettingsTableViewController.swift */; };
		3BDAABBD2B0F73F40013DB89 /* SettingsViewModel.swift in Sources */ = {isa = PBXBuildFile; fileRef = 3BDAABBC2B0F73F40013DB89 /* SettingsViewModel.swift */; };
		3BDAAC6C2B149D100013DB89 /* SettingViewModelTests.swift in Sources */ = {isa = PBXBuildFile; fileRef = 3BDAAC6B2B149D100013DB89 /* SettingViewModelTests.swift */; };
		3BDAAC6E2B149FF20013DB89 /* WeatherListViewModelTest.swift in Sources */ = {isa = PBXBuildFile; fileRef = 3BDAAC6D2B149FF20013DB89 /* WeatherListViewModelTest.swift */; };
		3BDAAC702B14A0580013DB89 /* WeatherListViewModel..swift in Sources */ = {isa = PBXBuildFile; fileRef = 3BDAABB62B0F59860013DB89 /* WeatherListViewModel..swift */; };
		3BDAAC792B14AB410013DB89 /* SettingsViewModel.swift in Sources */ = {isa = PBXBuildFile; fileRef = 3BDAABBC2B0F73F40013DB89 /* SettingsViewModel.swift */; };
		3BE36EDD2B0A4D0700FF2147 /* AppDelegate.swift in Sources */ = {isa = PBXBuildFile; fileRef = 3BE36EDC2B0A4D0700FF2147 /* AppDelegate.swift */; };
		3BE36EDF2B0A4D0700FF2147 /* SceneDelegate.swift in Sources */ = {isa = PBXBuildFile; fileRef = 3BE36EDE2B0A4D0700FF2147 /* SceneDelegate.swift */; };
		3BE36EE42B0A4D0700FF2147 /* Main.storyboard in Resources */ = {isa = PBXBuildFile; fileRef = 3BE36EE22B0A4D0700FF2147 /* Main.storyboard */; };
		3BE36EE62B0A4D0800FF2147 /* Assets.xcassets in Resources */ = {isa = PBXBuildFile; fileRef = 3BE36EE52B0A4D0800FF2147 /* Assets.xcassets */; };
		3BE36EE92B0A4D0800FF2147 /* LaunchScreen.storyboard in Resources */ = {isa = PBXBuildFile; fileRef = 3BE36EE72B0A4D0800FF2147 /* LaunchScreen.storyboard */; };
		3BE36EF22B0B0CB400FF2147 /* WeatherListTableViewController.swift in Sources */ = {isa = PBXBuildFile; fileRef = 3BE36EF12B0B0CB400FF2147 /* WeatherListTableViewController.swift */; };
		3BE36EF42B0B0CEB00FF2147 /* AddWeatherCityViewController.swift in Sources */ = {isa = PBXBuildFile; fileRef = 3BE36EF32B0B0CEB00FF2147 /* AddWeatherCityViewController.swift */; };
		3BE36EF72B0B209B00FF2147 /* WeatherCell.swift in Sources */ = {isa = PBXBuildFile; fileRef = 3BE36EF62B0B209B00FF2147 /* WeatherCell.swift */; };
/* End PBXBuildFile section */

/* Begin PBXContainerItemProxy section */
		3B2AF3BF2B14AEA30099CB50 /* PBXContainerItemProxy */ = {
			isa = PBXContainerItemProxy;
			containerPortal = 3BE36ED12B0A4D0700FF2147 /* Project object */;
			proxyType = 1;
			remoteGlobalIDString = 3BE36ED82B0A4D0700FF2147;
			remoteInfo = GoodWeather;
		};
		3BDAAC662B1489B50013DB89 /* PBXContainerItemProxy */ = {
			isa = PBXContainerItemProxy;
			containerPortal = 3BE36ED12B0A4D0700FF2147 /* Project object */;
			proxyType = 1;
			remoteGlobalIDString = 3BE36ED82B0A4D0700FF2147;
			remoteInfo = GoodWeather;
		};
/* End PBXContainerItemProxy section */

/* Begin PBXFileReference section */
		3B2AF3BB2B14AEA30099CB50 /* WeatherViewModelTests.xctest */ = {isa = PBXFileReference; explicitFileType = wrapper.cfbundle; includeInIndex = 0; path = WeatherViewModelTests.xctest; sourceTree = BUILT_PRODUCTS_DIR; };
		3BDAABA82B0F1A7A0013DB89 /* Webservice.swift */ = {isa = PBXFileReference; lastKnownFileType = sourcecode.swift; path = Webservice.swift; sourceTree = "<group>"; };
		3BDAABAB2B0F46120013DB89 /* WeatherResponse.swift */ = {isa = PBXFileReference; lastKnownFileType = sourcecode.swift; path = WeatherResponse.swift; sourceTree = "<group>"; };
		3BDAABAE2B0F4A380013DB89 /* AddWeatherViewModel.swift */ = {isa = PBXFileReference; lastKnownFileType = sourcecode.swift; path = AddWeatherViewModel.swift; sourceTree = "<group>"; };
		3BDAABB12B0F4BB20013DB89 /* Constants.swift */ = {isa = PBXFileReference; lastKnownFileType = sourcecode.swift; path = Constants.swift; sourceTree = "<group>"; };
		3BDAABB42B0F4CB40013DB89 /* String+Extensions.swift */ = {isa = PBXFileReference; lastKnownFileType = sourcecode.swift; path = "String+Extensions.swift"; sourceTree = "<group>"; };
		3BDAABB62B0F59860013DB89 /* WeatherListViewModel..swift */ = {isa = PBXFileReference; lastKnownFileType = sourcecode.swift; path = WeatherListViewModel..swift; sourceTree = "<group>"; };
		3BDAABB82B0F69150013DB89 /* Double+Extensions.swift */ = {isa = PBXFileReference; lastKnownFileType = sourcecode.swift; path = "Double+Extensions.swift"; sourceTree = "<group>"; };
		3BDAABBA2B0F6F9B0013DB89 /* SettingsTableViewController.swift */ = {isa = PBXFileReference; lastKnownFileType = sourcecode.swift; path = SettingsTableViewController.swift; sourceTree = "<group>"; };
		3BDAABBC2B0F73F40013DB89 /* SettingsViewModel.swift */ = {isa = PBXFileReference; lastKnownFileType = sourcecode.swift; path = SettingsViewModel.swift; sourceTree = "<group>"; };
		3BDAAC622B1489B50013DB89 /* GoodWeatherTests.xctest */ = {isa = PBXFileReference; explicitFileType = wrapper.cfbundle; includeInIndex = 0; path = GoodWeatherTests.xctest; sourceTree = BUILT_PRODUCTS_DIR; };
		3BDAAC6B2B149D100013DB89 /* SettingViewModelTests.swift */ = {isa = PBXFileReference; lastKnownFileType = sourcecode.swift; path = SettingViewModelTests.swift; sourceTree = "<group>"; };
		3BDAAC6D2B149FF20013DB89 /* WeatherListViewModelTest.swift */ = {isa = PBXFileReference; lastKnownFileType = sourcecode.swift; path = WeatherListViewModelTest.swift; sourceTree = "<group>"; };
		3BE36ED92B0A4D0700FF2147 /* GoodWeather.app */ = {isa = PBXFileReference; explicitFileType = wrapper.application; includeInIndex = 0; path = GoodWeather.app; sourceTree = BUILT_PRODUCTS_DIR; };
		3BE36EDC2B0A4D0700FF2147 /* AppDelegate.swift */ = {isa = PBXFileReference; lastKnownFileType = sourcecode.swift; path = AppDelegate.swift; sourceTree = "<group>"; };
		3BE36EDE2B0A4D0700FF2147 /* SceneDelegate.swift */ = {isa = PBXFileReference; lastKnownFileType = sourcecode.swift; path = SceneDelegate.swift; sourceTree = "<group>"; };
		3BE36EE32B0A4D0700FF2147 /* Base */ = {isa = PBXFileReference; lastKnownFileType = file.storyboard; name = Base; path = Base.lproj/Main.storyboard; sourceTree = "<group>"; };
		3BE36EE52B0A4D0800FF2147 /* Assets.xcassets */ = {isa = PBXFileReference; lastKnownFileType = folder.assetcatalog; path = Assets.xcassets; sourceTree = "<group>"; };
		3BE36EE82B0A4D0800FF2147 /* Base */ = {isa = PBXFileReference; lastKnownFileType = file.storyboard; name = Base; path = Base.lproj/LaunchScreen.storyboard; sourceTree = "<group>"; };
		3BE36EEA2B0A4D0800FF2147 /* Info.plist */ = {isa = PBXFileReference; lastKnownFileType = text.plist.xml; path = Info.plist; sourceTree = "<group>"; };
		3BE36EF12B0B0CB400FF2147 /* WeatherListTableViewController.swift */ = {isa = PBXFileReference; lastKnownFileType = sourcecode.swift; path = WeatherListTableViewController.swift; sourceTree = "<group>"; };
		3BE36EF32B0B0CEB00FF2147 /* AddWeatherCityViewController.swift */ = {isa = PBXFileReference; lastKnownFileType = sourcecode.swift; path = AddWeatherCityViewController.swift; sourceTree = "<group>"; };
		3BE36EF62B0B209B00FF2147 /* WeatherCell.swift */ = {isa = PBXFileReference; lastKnownFileType = sourcecode.swift; path = WeatherCell.swift; sourceTree = "<group>"; };
/* End PBXFileReference section */

/* Begin PBXFrameworksBuildPhase section */
		3B2AF3B82B14AEA30099CB50 /* Frameworks */ = {
			isa = PBXFrameworksBuildPhase;
			buildActionMask = 2147483647;
			files = (
			);
			runOnlyForDeploymentPostprocessing = 0;
		};
		3BDAAC5F2B1489B50013DB89 /* Frameworks */ = {
			isa = PBXFrameworksBuildPhase;
			buildActionMask = 2147483647;
			files = (
			);
			runOnlyForDeploymentPostprocessing = 0;
		};
		3BE36ED62B0A4D0700FF2147 /* Frameworks */ = {
			isa = PBXFrameworksBuildPhase;
			buildActionMask = 2147483647;
			files = (
			);
			runOnlyForDeploymentPostprocessing = 0;
		};
/* End PBXFrameworksBuildPhase section */

/* Begin PBXGroup section */
		3BDAABA72B0F1A660013DB89 /* Services */ = {
			isa = PBXGroup;
			children = (
				3BDAABA82B0F1A7A0013DB89 /* Webservice.swift */,
			);
			path = Services;
			sourceTree = "<group>";
		};
		3BDAABAA2B0F45D70013DB89 /* Models */ = {
			isa = PBXGroup;
			children = (
				3BDAABAB2B0F46120013DB89 /* WeatherResponse.swift */,
			);
			path = Models;
			sourceTree = "<group>";
		};
		3BDAABAD2B0F4A230013DB89 /* ViewModels */ = {
			isa = PBXGroup;
			children = (
				3BDAABAE2B0F4A380013DB89 /* AddWeatherViewModel.swift */,
				3BDAABB62B0F59860013DB89 /* WeatherListViewModel..swift */,
				3BDAABBC2B0F73F40013DB89 /* SettingsViewModel.swift */,
			);
			path = ViewModels;
			sourceTree = "<group>";
		};
		3BDAABB02B0F4B900013DB89 /* Utils */ = {
			isa = PBXGroup;
			children = (
				3BDAABB12B0F4BB20013DB89 /* Constants.swift */,
			);
			path = Utils;
			sourceTree = "<group>";
		};
		3BDAABB32B0F4C970013DB89 /* Extensions */ = {
			isa = PBXGroup;
			children = (
				3BDAABB42B0F4CB40013DB89 /* String+Extensions.swift */,
				3BDAABB82B0F69150013DB89 /* Double+Extensions.swift */,
			);
			path = Extensions;
			sourceTree = "<group>";
		};
		3BDAAC632B1489B50013DB89 /* GoodWeatherTests */ = {
			isa = PBXGroup;
			children = (
				3BDAAC6B2B149D100013DB89 /* SettingViewModelTests.swift */,
				3BDAAC6D2B149FF20013DB89 /* WeatherListViewModelTest.swift */,
			);
			path = GoodWeatherTests;
			sourceTree = "<group>";
		};
		3BE36ED02B0A4D0700FF2147 = {
			isa = PBXGroup;
			children = (
				3BE36EDB2B0A4D0700FF2147 /* GoodWeather */,
				3BDAAC632B1489B50013DB89 /* GoodWeatherTests */,
				3BE36EDA2B0A4D0700FF2147 /* Products */,
			);
			sourceTree = "<group>";
		};
		3BE36EDA2B0A4D0700FF2147 /* Products */ = {
			isa = PBXGroup;
			children = (
				3BE36ED92B0A4D0700FF2147 /* GoodWeather.app */,
				3BDAAC622B1489B50013DB89 /* GoodWeatherTests.xctest */,
				3B2AF3BB2B14AEA30099CB50 /* WeatherViewModelTests.xctest */,
			);
			name = Products;
			sourceTree = "<group>";
		};
		3BE36EDB2B0A4D0700FF2147 /* GoodWeather */ = {
			isa = PBXGroup;
			children = (
				3BE36EDC2B0A4D0700FF2147 /* AppDelegate.swift */,
				3BE36EDE2B0A4D0700FF2147 /* SceneDelegate.swift */,
				3BE36EE22B0A4D0700FF2147 /* Main.storyboard */,
				3BE36EE52B0A4D0800FF2147 /* Assets.xcassets */,
				3BE36EE72B0A4D0800FF2147 /* LaunchScreen.storyboard */,
				3BE36EEA2B0A4D0800FF2147 /* Info.plist */,
				3BDAABB32B0F4C970013DB89 /* Extensions */,
				3BDAABAA2B0F45D70013DB89 /* Models */,
				3BDAABAD2B0F4A230013DB89 /* ViewModels */,
				3BDAABA72B0F1A660013DB89 /* Services */,
				3BDAABB02B0F4B900013DB89 /* Utils */,
				3BE36EF52B0B207800FF2147 /* CustomCells */,
				3BE36EF02B0A509100FF2147 /* Controllers */,
			);
			path = GoodWeather;
			sourceTree = "<group>";
		};
		3BE36EF02B0A509100FF2147 /* Controllers */ = {
			isa = PBXGroup;
			children = (
				3BE36EF12B0B0CB400FF2147 /* WeatherListTableViewController.swift */,
				3BE36EF32B0B0CEB00FF2147 /* AddWeatherCityViewController.swift */,
				3BDAABBA2B0F6F9B0013DB89 /* SettingsTableViewController.swift */,
			);
			path = Controllers;
			sourceTree = "<group>";
		};
		3BE36EF52B0B207800FF2147 /* CustomCells */ = {
			isa = PBXGroup;
			children = (
				3BE36EF62B0B209B00FF2147 /* WeatherCell.swift */,
			);
			path = CustomCells;
			sourceTree = "<group>";
		};
/* End PBXGroup section */

/* Begin PBXNativeTarget section */
		3B2AF3BA2B14AEA30099CB50 /* WeatherViewModelTests */ = {
			isa = PBXNativeTarget;
			buildConfigurationList = 3B2AF3C12B14AEA30099CB50 /* Build configuration list for PBXNativeTarget "WeatherViewModelTests" */;
			buildPhases = (
				3B2AF3B72B14AEA30099CB50 /* Sources */,
				3B2AF3B82B14AEA30099CB50 /* Frameworks */,
				3B2AF3B92B14AEA30099CB50 /* Resources */,
			);
			buildRules = (
			);
			dependencies = (
				3B2AF3C02B14AEA30099CB50 /* PBXTargetDependency */,
			);
			name = WeatherViewModelTests;
			productName = WeatherViewModelTests;
			productReference = 3B2AF3BB2B14AEA30099CB50 /* WeatherViewModelTests.xctest */;
			productType = "com.apple.product-type.bundle.unit-test";
		};
		3BDAAC612B1489B50013DB89 /* GoodWeatherTests */ = {
			isa = PBXNativeTarget;
			buildConfigurationList = 3BDAAC6A2B1489B50013DB89 /* Build configuration list for PBXNativeTarget "GoodWeatherTests" */;
			buildPhases = (
				3BDAAC5E2B1489B50013DB89 /* Sources */,
				3BDAAC5F2B1489B50013DB89 /* Frameworks */,
				3BDAAC602B1489B50013DB89 /* Resources */,
			);
			buildRules = (
			);
			dependencies = (
				3BDAAC672B1489B50013DB89 /* PBXTargetDependency */,
			);
			name = GoodWeatherTests;
			productName = GoodWeatherTests;
			productReference = 3BDAAC622B1489B50013DB89 /* GoodWeatherTests.xctest */;
			productType = "com.apple.product-type.bundle.unit-test";
		};
		3BE36ED82B0A4D0700FF2147 /* GoodWeather */ = {
			isa = PBXNativeTarget;
			buildConfigurationList = 3BE36EED2B0A4D0800FF2147 /* Build configuration list for PBXNativeTarget "GoodWeather" */;
			buildPhases = (
				3BE36ED52B0A4D0700FF2147 /* Sources */,
				3BE36ED62B0A4D0700FF2147 /* Frameworks */,
				3BE36ED72B0A4D0700FF2147 /* Resources */,
			);
			buildRules = (
			);
			dependencies = (
			);
			name = GoodWeather;
			productName = GoodWeather;
			productReference = 3BE36ED92B0A4D0700FF2147 /* GoodWeather.app */;
			productType = "com.apple.product-type.application";
		};
/* End PBXNativeTarget section */

/* Begin PBXProject section */
		3BE36ED12B0A4D0700FF2147 /* Project object */ = {
			isa = PBXProject;
			attributes = {
				BuildIndependentTargetsInParallel = 1;
				LastSwiftUpdateCheck = 1430;
				LastUpgradeCheck = 1430;
				TargetAttributes = {
					3B2AF3BA2B14AEA30099CB50 = {
						CreatedOnToolsVersion = 14.3;
						TestTargetID = 3BE36ED82B0A4D0700FF2147;
					};
					3BDAAC612B1489B50013DB89 = {
						CreatedOnToolsVersion = 14.3;
						TestTargetID = 3BE36ED82B0A4D0700FF2147;
					};
					3BE36ED82B0A4D0700FF2147 = {
						CreatedOnToolsVersion = 14.3;
					};
				};
			};
			buildConfigurationList = 3BE36ED42B0A4D0700FF2147 /* Build configuration list for PBXProject "GoodWeather" */;
			compatibilityVersion = "Xcode 14.0";
			developmentRegion = en;
			hasScannedForEncodings = 0;
			knownRegions = (
				en,
				Base,
			);
			mainGroup = 3BE36ED02B0A4D0700FF2147;
			productRefGroup = 3BE36EDA2B0A4D0700FF2147 /* Products */;
			projectDirPath = "";
			projectRoot = "";
			targets = (
				3BE36ED82B0A4D0700FF2147 /* GoodWeather */,
				3BDAAC612B1489B50013DB89 /* GoodWeatherTests */,
				3B2AF3BA2B14AEA30099CB50 /* WeatherViewModelTests */,
			);
		};
/* End PBXProject section */

/* Begin PBXResourcesBuildPhase section */
		3B2AF3B92B14AEA30099CB50 /* Resources */ = {
			isa = PBXResourcesBuildPhase;
			buildActionMask = 2147483647;
			files = (
			);
			runOnlyForDeploymentPostprocessing = 0;
		};
		3BDAAC602B1489B50013DB89 /* Resources */ = {
			isa = PBXResourcesBuildPhase;
			buildActionMask = 2147483647;
			files = (
			);
			runOnlyForDeploymentPostprocessing = 0;
		};
		3BE36ED72B0A4D0700FF2147 /* Resources */ = {
			isa = PBXResourcesBuildPhase;
			buildActionMask = 2147483647;
			files = (
				3BE36EE92B0A4D0800FF2147 /* LaunchScreen.storyboard in Resources */,
				3BE36EE62B0A4D0800FF2147 /* Assets.xcassets in Resources */,
				3BE36EE42B0A4D0700FF2147 /* Main.storyboard in Resources */,
			);
			runOnlyForDeploymentPostprocessing = 0;
		};
/* End PBXResourcesBuildPhase section */

/* Begin PBXSourcesBuildPhase section */
		3B2AF3B72B14AEA30099CB50 /* Sources */ = {
			isa = PBXSourcesBuildPhase;
			buildActionMask = 2147483647;
			files = (
			);
			runOnlyForDeploymentPostprocessing = 0;
		};
		3BDAAC5E2B1489B50013DB89 /* Sources */ = {
			isa = PBXSourcesBuildPhase;
			buildActionMask = 2147483647;
			files = (
				3BDAAC6C2B149D100013DB89 /* SettingViewModelTests.swift in Sources */,
				3BDAAC6E2B149FF20013DB89 /* WeatherListViewModelTest.swift in Sources */,
				3BDAAC792B14AB410013DB89 /* SettingsViewModel.swift in Sources */,
			);
			runOnlyForDeploymentPostprocessing = 0;
		};
		3BE36ED52B0A4D0700FF2147 /* Sources */ = {
			isa = PBXSourcesBuildPhase;
			buildActionMask = 2147483647;
			files = (
				3BDAABB92B0F69150013DB89 /* Double+Extensions.swift in Sources */,
				3BDAABBB2B0F6F9B0013DB89 /* SettingsTableViewController.swift in Sources */,
				3BDAABB52B0F4CB40013DB89 /* String+Extensions.swift in Sources */,
				3BE36EF22B0B0CB400FF2147 /* WeatherListTableViewController.swift in Sources */,
				3BDAABAF2B0F4A380013DB89 /* AddWeatherViewModel.swift in Sources */,
				3BE36EDD2B0A4D0700FF2147 /* AppDelegate.swift in Sources */,
				3BDAABA92B0F1A7A0013DB89 /* Webservice.swift in Sources */,
				3BDAABAC2B0F46120013DB89 /* WeatherResponse.swift in Sources */,
				3BE36EF72B0B209B00FF2147 /* WeatherCell.swift in Sources */,
				3BE36EF42B0B0CEB00FF2147 /* AddWeatherCityViewController.swift in Sources */,
				3BE36EDF2B0A4D0700FF2147 /* SceneDelegate.swift in Sources */,
				3BDAABB22B0F4BB20013DB89 /* Constants.swift in Sources */,
				3BDAAC702B14A0580013DB89 /* WeatherListViewModel..swift in Sources */,
				3BDAABBD2B0F73F40013DB89 /* SettingsViewModel.swift in Sources */,
			);
			runOnlyForDeploymentPostprocessing = 0;
		};
/* End PBXSourcesBuildPhase section */

/* Begin PBXTargetDependency section */
		3B2AF3C02B14AEA30099CB50 /* PBXTargetDependency */ = {
			isa = PBXTargetDependency;
			target = 3BE36ED82B0A4D0700FF2147 /* GoodWeather */;
			targetProxy = 3B2AF3BF2B14AEA30099CB50 /* PBXContainerItemProxy */;
		};
		3BDAAC672B1489B50013DB89 /* PBXTargetDependency */ = {
			isa = PBXTargetDependency;
			target = 3BE36ED82B0A4D0700FF2147 /* GoodWeather */;
			targetProxy = 3BDAAC662B1489B50013DB89 /* PBXContainerItemProxy */;
		};
/* End PBXTargetDependency section */

/* Begin PBXVariantGroup section */
		3BE36EE22B0A4D0700FF2147 /* Main.storyboard */ = {
			isa = PBXVariantGroup;
			children = (
				3BE36EE32B0A4D0700FF2147 /* Base */,
			);
			name = Main.storyboard;
			sourceTree = "<group>";
		};
		3BE36EE72B0A4D0800FF2147 /* LaunchScreen.storyboard */ = {
			isa = PBXVariantGroup;
			children = (
				3BE36EE82B0A4D0800FF2147 /* Base */,
			);
			name = LaunchScreen.storyboard;
			sourceTree = "<group>";
		};
/* End PBXVariantGroup section */

/* Begin XCBuildConfiguration section */
		3B2AF3C22B14AEA30099CB50 /* Debug */ = {
			isa = XCBuildConfiguration;
			buildSettings = {
				BUNDLE_LOADER = "$(TEST_HOST)";
				CODE_SIGN_STYLE = Automatic;
				CURRENT_PROJECT_VERSION = 1;
				DEVELOPMENT_TEAM = 6CBTWMSXBM;
				GENERATE_INFOPLIST_FILE = YES;
				IPHONEOS_DEPLOYMENT_TARGET = 16.0;
				MARKETING_VERSION = 1.0;
				PRODUCT_BUNDLE_IDENTIFIER = amatnug.amatnug.WeatherViewModelTests;
				PRODUCT_NAME = "$(TARGET_NAME)";
				SWIFT_EMIT_LOC_STRINGS = NO;
				SWIFT_VERSION = 5.0;
				TARGETED_DEVICE_FAMILY = "1,2";
				TEST_HOST = "$(BUILT_PRODUCTS_DIR)/GoodWeather.app/$(BUNDLE_EXECUTABLE_FOLDER_PATH)/GoodWeather";
			};
			name = Debug;
		};
		3B2AF3C32B14AEA30099CB50 /* Release */ = {
			isa = XCBuildConfiguration;
			buildSettings = {
				BUNDLE_LOADER = "$(TEST_HOST)";
				CODE_SIGN_STYLE = Automatic;
				CURRENT_PROJECT_VERSION = 1;
				DEVELOPMENT_TEAM = 6CBTWMSXBM;
				GENERATE_INFOPLIST_FILE = YES;
				IPHONEOS_DEPLOYMENT_TARGET = 16.0;
				MARKETING_VERSION = 1.0;
				PRODUCT_BUNDLE_IDENTIFIER = amatnug.amatnug.WeatherViewModelTests;
				PRODUCT_NAME = "$(TARGET_NAME)";
				SWIFT_EMIT_LOC_STRINGS = NO;
				SWIFT_VERSION = 5.0;
				TARGETED_DEVICE_FAMILY = "1,2";
				TEST_HOST = "$(BUILT_PRODUCTS_DIR)/GoodWeather.app/$(BUNDLE_EXECUTABLE_FOLDER_PATH)/GoodWeather";
			};
			name = Release;
		};
		3BDAAC682B1489B50013DB89 /* Debug */ = {
			isa = XCBuildConfiguration;
			buildSettings = {
				BUNDLE_LOADER = "$(TEST_HOST)";
				CODE_SIGN_STYLE = Automatic;
				CURRENT_PROJECT_VERSION = 1;
				DEVELOPMENT_TEAM = 6CBTWMSXBM;
				GENERATE_INFOPLIST_FILE = YES;
				IPHONEOS_DEPLOYMENT_TARGET = 16.0;
				MARKETING_VERSION = 1.0;
				PRODUCT_BUNDLE_IDENTIFIER = amatnug.amatnug.GoodWeatherTests;
				PRODUCT_NAME = "$(TARGET_NAME)";
				SWIFT_EMIT_LOC_STRINGS = NO;
				SWIFT_VERSION = 5.0;
				TARGETED_DEVICE_FAMILY = "1,2";
				TEST_HOST = "$(BUILT_PRODUCTS_DIR)/GoodWeather.app/$(BUNDLE_EXECUTABLE_FOLDER_PATH)/GoodWeather";
			};
			name = Debug;
		};
		3BDAAC692B1489B50013DB89 /* Release */ = {
			isa = XCBuildConfiguration;
			buildSettings = {
				BUNDLE_LOADER = "$(TEST_HOST)";
				CODE_SIGN_STYLE = Automatic;
				CURRENT_PROJECT_VERSION = 1;
				DEVELOPMENT_TEAM = 6CBTWMSXBM;
				GENERATE_INFOPLIST_FILE = YES;
				IPHONEOS_DEPLOYMENT_TARGET = 16.0;
				MARKETING_VERSION = 1.0;
				PRODUCT_BUNDLE_IDENTIFIER = amatnug.amatnug.GoodWeatherTests;
				PRODUCT_NAME = "$(TARGET_NAME)";
				SWIFT_EMIT_LOC_STRINGS = NO;
				SWIFT_VERSION = 5.0;
				TARGETED_DEVICE_FAMILY = "1,2";
				TEST_HOST = "$(BUILT_PRODUCTS_DIR)/GoodWeather.app/$(BUNDLE_EXECUTABLE_FOLDER_PATH)/GoodWeather";
			};
			name = Release;
		};
		3BE36EEB2B0A4D0800FF2147 /* Debug */ = {
			isa = XCBuildConfiguration;
			buildSettings = {
				ALWAYS_SEARCH_USER_PATHS = NO;
				CLANG_ANALYZER_NONNULL = YES;
				CLANG_ANALYZER_NUMBER_OBJECT_CONVERSION = YES_AGGRESSIVE;
				CLANG_CXX_LANGUAGE_STANDARD = "gnu++20";
				CLANG_ENABLE_MODULES = YES;
				CLANG_ENABLE_OBJC_ARC = YES;
				CLANG_ENABLE_OBJC_WEAK = YES;
				CLANG_WARN_BLOCK_CAPTURE_AUTORELEASING = YES;
				CLANG_WARN_BOOL_CONVERSION = YES;
				CLANG_WARN_COMMA = YES;
				CLANG_WARN_CONSTANT_CONVERSION = YES;
				CLANG_WARN_DEPRECATED_OBJC_IMPLEMENTATIONS = YES;
				CLANG_WARN_DIRECT_OBJC_ISA_USAGE = YES_ERROR;
				CLANG_WARN_DOCUMENTATION_COMMENTS = YES;
				CLANG_WARN_EMPTY_BODY = YES;
				CLANG_WARN_ENUM_CONVERSION = YES;
				CLANG_WARN_INFINITE_RECURSION = YES;
				CLANG_WARN_INT_CONVERSION = YES;
				CLANG_WARN_NON_LITERAL_NULL_CONVERSION = YES;
				CLANG_WARN_OBJC_IMPLICIT_RETAIN_SELF = YES;
				CLANG_WARN_OBJC_LITERAL_CONVERSION = YES;
				CLANG_WARN_OBJC_ROOT_CLASS = YES_ERROR;
				CLANG_WARN_QUOTED_INCLUDE_IN_FRAMEWORK_HEADER = YES;
				CLANG_WARN_RANGE_LOOP_ANALYSIS = YES;
				CLANG_WARN_STRICT_PROTOTYPES = YES;
				CLANG_WARN_SUSPICIOUS_MOVE = YES;
				CLANG_WARN_UNGUARDED_AVAILABILITY = YES_AGGRESSIVE;
				CLANG_WARN_UNREACHABLE_CODE = YES;
				CLANG_WARN__DUPLICATE_METHOD_MATCH = YES;
				COPY_PHASE_STRIP = NO;
				DEBUG_INFORMATION_FORMAT = dwarf;
				ENABLE_STRICT_OBJC_MSGSEND = YES;
				ENABLE_TESTABILITY = YES;
				GCC_C_LANGUAGE_STANDARD = gnu11;
				GCC_DYNAMIC_NO_PIC = NO;
				GCC_NO_COMMON_BLOCKS = YES;
				GCC_OPTIMIZATION_LEVEL = 0;
				GCC_PREPROCESSOR_DEFINITIONS = (
					"DEBUG=1",
					"$(inherited)",
				);
				GCC_WARN_64_TO_32_BIT_CONVERSION = YES;
				GCC_WARN_ABOUT_RETURN_TYPE = YES_ERROR;
				GCC_WARN_UNDECLARED_SELECTOR = YES;
				GCC_WARN_UNINITIALIZED_AUTOS = YES_AGGRESSIVE;
				GCC_WARN_UNUSED_FUNCTION = YES;
				GCC_WARN_UNUSED_VARIABLE = YES;
				IPHONEOS_DEPLOYMENT_TARGET = 16.4;
				MTL_ENABLE_DEBUG_INFO = INCLUDE_SOURCE;
				MTL_FAST_MATH = YES;
				ONLY_ACTIVE_ARCH = YES;
				SDKROOT = iphoneos;
				SWIFT_ACTIVE_COMPILATION_CONDITIONS = DEBUG;
				SWIFT_OPTIMIZATION_LEVEL = "-Onone";
			};
			name = Debug;
		};
		3BE36EEC2B0A4D0800FF2147 /* Release */ = {
			isa = XCBuildConfiguration;
			buildSettings = {
				ALWAYS_SEARCH_USER_PATHS = NO;
				CLANG_ANALYZER_NONNULL = YES;
				CLANG_ANALYZER_NUMBER_OBJECT_CONVERSION = YES_AGGRESSIVE;
				CLANG_CXX_LANGUAGE_STANDARD = "gnu++20";
				CLANG_ENABLE_MODULES = YES;
				CLANG_ENABLE_OBJC_ARC = YES;
				CLANG_ENABLE_OBJC_WEAK = YES;
				CLANG_WARN_BLOCK_CAPTURE_AUTORELEASING = YES;
				CLANG_WARN_BOOL_CONVERSION = YES;
				CLANG_WARN_COMMA = YES;
				CLANG_WARN_CONSTANT_CONVERSION = YES;
				CLANG_WARN_DEPRECATED_OBJC_IMPLEMENTATIONS = YES;
				CLANG_WARN_DIRECT_OBJC_ISA_USAGE = YES_ERROR;
				CLANG_WARN_DOCUMENTATION_COMMENTS = YES;
				CLANG_WARN_EMPTY_BODY = YES;
				CLANG_WARN_ENUM_CONVERSION = YES;
				CLANG_WARN_INFINITE_RECURSION = YES;
				CLANG_WARN_INT_CONVERSION = YES;
				CLANG_WARN_NON_LITERAL_NULL_CONVERSION = YES;
				CLANG_WARN_OBJC_IMPLICIT_RETAIN_SELF = YES;
				CLANG_WARN_OBJC_LITERAL_CONVERSION = YES;
				CLANG_WARN_OBJC_ROOT_CLASS = YES_ERROR;
				CLANG_WARN_QUOTED_INCLUDE_IN_FRAMEWORK_HEADER = YES;
				CLANG_WARN_RANGE_LOOP_ANALYSIS = YES;
				CLANG_WARN_STRICT_PROTOTYPES = YES;
				CLANG_WARN_SUSPICIOUS_MOVE = YES;
				CLANG_WARN_UNGUARDED_AVAILABILITY = YES_AGGRESSIVE;
				CLANG_WARN_UNREACHABLE_CODE = YES;
				CLANG_WARN__DUPLICATE_METHOD_MATCH = YES;
				COPY_PHASE_STRIP = NO;
				DEBUG_INFORMATION_FORMAT = "dwarf-with-dsym";
				ENABLE_NS_ASSERTIONS = NO;
				ENABLE_STRICT_OBJC_MSGSEND = YES;
				GCC_C_LANGUAGE_STANDARD = gnu11;
				GCC_NO_COMMON_BLOCKS = YES;
				GCC_WARN_64_TO_32_BIT_CONVERSION = YES;
				GCC_WARN_ABOUT_RETURN_TYPE = YES_ERROR;
				GCC_WARN_UNDECLARED_SELECTOR = YES;
				GCC_WARN_UNINITIALIZED_AUTOS = YES_AGGRESSIVE;
				GCC_WARN_UNUSED_FUNCTION = YES;
				GCC_WARN_UNUSED_VARIABLE = YES;
				IPHONEOS_DEPLOYMENT_TARGET = 16.4;
				MTL_ENABLE_DEBUG_INFO = NO;
				MTL_FAST_MATH = YES;
				SDKROOT = iphoneos;
				SWIFT_COMPILATION_MODE = wholemodule;
				SWIFT_OPTIMIZATION_LEVEL = "-O";
				VALIDATE_PRODUCT = YES;
			};
			name = Release;
		};
		3BE36EEE2B0A4D0800FF2147 /* Debug */ = {
			isa = XCBuildConfiguration;
			buildSettings = {
				ASSETCATALOG_COMPILER_APPICON_NAME = AppIcon;
				ASSETCATALOG_COMPILER_GLOBAL_ACCENT_COLOR_NAME = AccentColor;
				CODE_SIGN_STYLE = Automatic;
				CURRENT_PROJECT_VERSION = 1;
				DEVELOPMENT_TEAM = 6CBTWMSXBM;
				GENERATE_INFOPLIST_FILE = YES;
				INFOPLIST_FILE = GoodWeather/Info.plist;
				INFOPLIST_KEY_UIApplicationSupportsIndirectInputEvents = YES;
				INFOPLIST_KEY_UILaunchStoryboardName = LaunchScreen;
				INFOPLIST_KEY_UIMainStoryboardFile = Main;
				INFOPLIST_KEY_UIRequiresFullScreen = YES;
				INFOPLIST_KEY_UIStatusBarStyle = UIStatusBarStyleLightContent;
				INFOPLIST_KEY_UISupportedInterfaceOrientations_iPad = "UIInterfaceOrientationPortrait UIInterfaceOrientationPortraitUpsideDown UIInterfaceOrientationLandscapeLeft UIInterfaceOrientationLandscapeRight";
				INFOPLIST_KEY_UISupportedInterfaceOrientations_iPhone = "UIInterfaceOrientationPortrait UIInterfaceOrientationLandscapeLeft UIInterfaceOrientationLandscapeRight";
				IPHONEOS_DEPLOYMENT_TARGET = 16.0;
				LD_RUNPATH_SEARCH_PATHS = (
					"$(inherited)",
					"@executable_path/Frameworks",
				);
				MARKETING_VERSION = 1.0;
				PRODUCT_BUNDLE_IDENTIFIER = amatnug.amatnug.GoodWeather;
				PRODUCT_NAME = "$(TARGET_NAME)";
				SWIFT_EMIT_LOC_STRINGS = YES;
				SWIFT_VERSION = 5.0;
				TARGETED_DEVICE_FAMILY = "1,2";
			};
			name = Debug;
		};
		3BE36EEF2B0A4D0800FF2147 /* Release */ = {
			isa = XCBuildConfiguration;
			buildSettings = {
				ASSETCATALOG_COMPILER_APPICON_NAME = AppIcon;
				ASSETCATALOG_COMPILER_GLOBAL_ACCENT_COLOR_NAME = AccentColor;
				CODE_SIGN_STYLE = Automatic;
				CURRENT_PROJECT_VERSION = 1;
				DEVELOPMENT_TEAM = 6CBTWMSXBM;
				GENERATE_INFOPLIST_FILE = YES;
				INFOPLIST_FILE = GoodWeather/Info.plist;
				INFOPLIST_KEY_UIApplicationSupportsIndirectInputEvents = YES;
				INFOPLIST_KEY_UILaunchStoryboardName = LaunchScreen;
				INFOPLIST_KEY_UIMainStoryboardFile = Main;
				INFOPLIST_KEY_UIRequiresFullScreen = YES;
				INFOPLIST_KEY_UIStatusBarStyle = UIStatusBarStyleLightContent;
				INFOPLIST_KEY_UISupportedInterfaceOrientations_iPad = "UIInterfaceOrientationPortrait UIInterfaceOrientationPortraitUpsideDown UIInterfaceOrientationLandscapeLeft UIInterfaceOrientationLandscapeRight";
				INFOPLIST_KEY_UISupportedInterfaceOrientations_iPhone = "UIInterfaceOrientationPortrait UIInterfaceOrientationLandscapeLeft UIInterfaceOrientationLandscapeRight";
				IPHONEOS_DEPLOYMENT_TARGET = 16.0;
				LD_RUNPATH_SEARCH_PATHS = (
					"$(inherited)",
					"@executable_path/Frameworks",
				);
				MARKETING_VERSION = 1.0;
				PRODUCT_BUNDLE_IDENTIFIER = amatnug.amatnug.GoodWeather;
				PRODUCT_NAME = "$(TARGET_NAME)";
				SWIFT_EMIT_LOC_STRINGS = YES;
				SWIFT_VERSION = 5.0;
				TARGETED_DEVICE_FAMILY = "1,2";
			};
			name = Release;
		};
/* End XCBuildConfiguration section */

/* Begin XCConfigurationList section */
		3B2AF3C12B14AEA30099CB50 /* Build configuration list for PBXNativeTarget "WeatherViewModelTests" */ = {
			isa = XCConfigurationList;
			buildConfigurations = (
				3B2AF3C22B14AEA30099CB50 /* Debug */,
				3B2AF3C32B14AEA30099CB50 /* Release */,
			);
			defaultConfigurationIsVisible = 0;
			defaultConfigurationName = Release;
		};
		3BDAAC6A2B1489B50013DB89 /* Build configuration list for PBXNativeTarget "GoodWeatherTests" */ = {
			isa = XCConfigurationList;
			buildConfigurations = (
				3BDAAC682B1489B50013DB89 /* Debug */,
				3BDAAC692B1489B50013DB89 /* Release */,
			);
			defaultConfigurationIsVisible = 0;
			defaultConfigurationName = Release;
		};
		3BE36ED42B0A4D0700FF2147 /* Build configuration list for PBXProject "GoodWeather" */ = {
			isa = XCConfigurationList;
			buildConfigurations = (
				3BE36EEB2B0A4D0800FF2147 /* Debug */,
				3BE36EEC2B0A4D0800FF2147 /* Release */,
			);
			defaultConfigurationIsVisible = 0;
			defaultConfigurationName = Release;
		};
		3BE36EED2B0A4D0800FF2147 /* Build configuration list for PBXNativeTarget "GoodWeather" */ = {
			isa = XCConfigurationList;
			buildConfigurations = (
				3BE36EEE2B0A4D0800FF2147 /* Debug */,
				3BE36EEF2B0A4D0800FF2147 /* Release */,
			);
			defaultConfigurationIsVisible = 0;
			defaultConfigurationName = Release;
		};
/* End XCConfigurationList section */
	};
	rootObject = 3BE36ED12B0A4D0700FF2147 /* Project object */;
}
